
Microsoft Visual Studio Solution File, Format Version 12.00
# Visual Studio Version 16
VisualStudioVersion = 16.0.30114.105
MinimumVisualStudioVersion = 10.0.40219.1
Project("{FAE04EC0-301F-11D3-BF4B-00C04F79EFBC}") = "ContactListAPI.Domain", "ContactListAPI.Domain\ContactListAPI.Domain.csproj", "{A0DE21BC-39DE-4FD3-B565-EAF021C5F146}"
EndProject
Project("{FAE04EC0-301F-11D3-BF4B-00C04F79EFBC}") = "ContactListAPI.Application", "ContactListAPI.Application\ContactListAPI.Application.csproj", "{DE891470-35F7-45A0-8903-32DBFBF410F3}"
EndProject
Project("{FAE04EC0-301F-11D3-BF4B-00C04F79EFBC}") = "ContactListAPI.Data", "ContactListAPI.Data\ContactListAPI.Data.csproj", "{14F2E3BC-CC9D-43A3-9DF3-CD9E069458C0}"
EndProject
Global
	GlobalSection(SolutionConfigurationPlatforms) = preSolution
		Debug|Any CPU = Debug|Any CPU
		Debug|x64 = Debug|x64
		Debug|x86 = Debug|x86
		Release|Any CPU = Release|Any CPU
		Release|x64 = Release|x64
		Release|x86 = Release|x86
	EndGlobalSection
	GlobalSection(SolutionProperties) = preSolution
		HideSolutionNode = FALSE
	EndGlobalSection
	GlobalSection(ProjectConfigurationPlatforms) = postSolution
		{A0DE21BC-39DE-4FD3-B565-EAF021C5F146}.Debug|Any CPU.ActiveCfg = Debug|Any CPU
		{A0DE21BC-39DE-4FD3-B565-EAF021C5F146}.Debug|Any CPU.Build.0 = Debug|Any CPU
		{A0DE21BC-39DE-4FD3-B565-EAF021C5F146}.Debug|x64.ActiveCfg = Debug|Any CPU
		{A0DE21BC-39DE-4FD3-B565-EAF021C5F146}.Debug|x64.Build.0 = Debug|Any CPU
		{A0DE21BC-39DE-4FD3-B565-EAF021C5F146}.Debug|x86.ActiveCfg = Debug|Any CPU
		{A0DE21BC-39DE-4FD3-B565-EAF021C5F146}.Debug|x86.Build.0 = Debug|Any CPU
		{A0DE21BC-39DE-4FD3-B565-EAF021C5F146}.Release|Any CPU.ActiveCfg = Release|Any CPU
		{A0DE21BC-39DE-4FD3-B565-EAF021C5F146}.Release|Any CPU.Build.0 = Release|Any CPU
		{A0DE21BC-39DE-4FD3-B565-EAF021C5F146}.Release|x64.ActiveCfg = Release|Any CPU
		{A0DE21BC-39DE-4FD3-B565-EAF021C5F146}.Release|x64.Build.0 = Release|Any CPU
		{A0DE21BC-39DE-4FD3-B565-EAF021C5F146}.Release|x86.ActiveCfg = Release|Any CPU
		{A0DE21BC-39DE-4FD3-B565-EAF021C5F146}.Release|x86.Build.0 = Release|Any CPU
		{DE891470-35F7-45A0-8903-32DBFBF410F3}.Debug|Any CPU.ActiveCfg = Debug|Any CPU
		{DE891470-35F7-45A0-8903-32DBFBF410F3}.Debug|Any CPU.Build.0 = Debug|Any CPU
		{DE891470-35F7-45A0-8903-32DBFBF410F3}.Debug|x64.ActiveCfg = Debug|Any CPU
		{DE891470-35F7-45A0-8903-32DBFBF410F3}.Debug|x64.Build.0 = Debug|Any CPU
		{DE891470-35F7-45A0-8903-32DBFBF410F3}.Debug|x86.ActiveCfg = Debug|Any CPU
		{DE891470-35F7-45A0-8903-32DBFBF410F3}.Debug|x86.Build.0 = Debug|Any CPU
		{DE891470-35F7-45A0-8903-32DBFBF410F3}.Release|Any CPU.ActiveCfg = Release|Any CPU
		{DE891470-35F7-45A0-8903-32DBFBF410F3}.Release|Any CPU.Build.0 = Release|Any CPU
		{DE891470-35F7-45A0-8903-32DBFBF410F3}.Release|x64.ActiveCfg = Release|Any CPU
		{DE891470-35F7-45A0-8903-32DBFBF410F3}.Release|x64.Build.0 = Release|Any CPU
		{DE891470-35F7-45A0-8903-32DBFBF410F3}.Release|x86.ActiveCfg = Release|Any CPU
		{DE891470-35F7-45A0-8903-32DBFBF410F3}.Release|x86.Build.0 = Release|Any CPU
		{14F2E3BC-CC9D-43A3-9DF3-CD9E069458C0}.Debug|Any CPU.ActiveCfg = Debug|Any CPU
		{14F2E3BC-CC9D-43A3-9DF3-CD9E069458C0}.Debug|Any CPU.Build.0 = Debug|Any CPU
		{14F2E3BC-CC9D-43A3-9DF3-CD9E069458C0}.Debug|x64.ActiveCfg = Debug|Any CPU
		{14F2E3BC-CC9D-43A3-9DF3-CD9E069458C0}.Debug|x64.Build.0 = Debug|Any CPU
		{14F2E3BC-CC9D-43A3-9DF3-CD9E069458C0}.Debug|x86.ActiveCfg = Debug|Any CPU
		{14F2E3BC-CC9D-43A3-9DF3-CD9E069458C0}.Debug|x86.Build.0 = Debug|Any CPU
		{14F2E3BC-CC9D-43A3-9DF3-CD9E069458C0}.Release|Any CPU.ActiveCfg = Release|Any CPU
		{14F2E3BC-CC9D-43A3-9DF3-CD9E069458C0}.Release|Any CPU.Build.0 = Release|Any CPU
		{14F2E3BC-CC9D-43A3-9DF3-CD9E069458C0}.Release|x64.ActiveCfg = Release|Any CPU
		{14F2E3BC-CC9D-43A3-9DF3-CD9E069458C0}.Release|x64.Build.0 = Release|Any CPU
		{14F2E3BC-CC9D-43A3-9DF3-CD9E069458C0}.Release|x86.ActiveCfg = Release|Any CPU
		{14F2E3BC-CC9D-43A3-9DF3-CD9E069458C0}.Release|x86.Build.0 = Release|Any CPU
	EndGlobalSection
EndGlobal
